
Microsoft Visual Studio Solution File, Format Version 12.00
# Visual Studio Version 17
VisualStudioVersion = 17.6.33829.357
MinimumVisualStudioVersion = 10.0.40219.1
Project("{9A19103F-16F7-4668-BE54-9A1E7A4F7556}") = "FileBoxApp", "File-Box-App\FileBoxApp.csproj", "{0F70F950-296A-44E6-A812-3724FDC907E6}"
EndProject
Project("{9A19103F-16F7-4668-BE54-9A1E7A4F7556}") = "RepositoryLib", "RepositoryLib\RepositoryLib.csproj", "{C09A603E-E5AD-42A1-B9C1-A38E49F8822E}"
EndProject
Project("{9A19103F-16F7-4668-BE54-9A1E7A4F7556}") = "Service", "Service\Service.csproj", "{4E3E2ED2-F148-4520-8743-A634E148CD00}"
EndProject
Project("{9A19103F-16F7-4668-BE54-9A1E7A4F7556}") = "Presentation", "Presentation\Presentation.csproj", "{A4A75294-FBB0-4850-9CD6-9FBDDD2B3A34}"
EndProject
Project("{9A19103F-16F7-4668-BE54-9A1E7A4F7556}") = "FileBoxTest", "FileBoxTest\FileBoxTest.csproj", "{5B77D630-6416-4B82-BD06-6C25AFC9260B}"
EndProject
Global
	GlobalSection(SolutionConfigurationPlatforms) = preSolution
		Debug|Any CPU = Debug|Any CPU
		Release|Any CPU = Release|Any CPU
	EndGlobalSection
	GlobalSection(ProjectConfigurationPlatforms) = postSolution
		{0F70F950-296A-44E6-A812-3724FDC907E6}.Debug|Any CPU.ActiveCfg = Debug|Any CPU
		{0F70F950-296A-44E6-A812-3724FDC907E6}.Debug|Any CPU.Build.0 = Debug|Any CPU
		{0F70F950-296A-44E6-A812-3724FDC907E6}.Release|Any CPU.ActiveCfg = Release|Any CPU
		{0F70F950-296A-44E6-A812-3724FDC907E6}.Release|Any CPU.Build.0 = Release|Any CPU
		{C09A603E-E5AD-42A1-B9C1-A38E49F8822E}.Debug|Any CPU.ActiveCfg = Debug|Any CPU
		{C09A603E-E5AD-42A1-B9C1-A38E49F8822E}.Debug|Any CPU.Build.0 = Debug|Any CPU
		{C09A603E-E5AD-42A1-B9C1-A38E49F8822E}.Release|Any CPU.ActiveCfg = Release|Any CPU
		{C09A603E-E5AD-42A1-B9C1-A38E49F8822E}.Release|Any CPU.Build.0 = Release|Any CPU
		{4E3E2ED2-F148-4520-8743-A634E148CD00}.Debug|Any CPU.ActiveCfg = Debug|Any CPU
		{4E3E2ED2-F148-4520-8743-A634E148CD00}.Debug|Any CPU.Build.0 = Debug|Any CPU
		{4E3E2ED2-F148-4520-8743-A634E148CD00}.Release|Any CPU.ActiveCfg = Release|Any CPU
		{4E3E2ED2-F148-4520-8743-A634E148CD00}.Release|Any CPU.Build.0 = Release|Any CPU
		{A4A75294-FBB0-4850-9CD6-9FBDDD2B3A34}.Debug|Any CPU.ActiveCfg = Debug|Any CPU
		{A4A75294-FBB0-4850-9CD6-9FBDDD2B3A34}.Debug|Any CPU.Build.0 = Debug|Any CPU
		{A4A75294-FBB0-4850-9CD6-9FBDDD2B3A34}.Release|Any CPU.ActiveCfg = Release|Any CPU
		{A4A75294-FBB0-4850-9CD6-9FBDDD2B3A34}.Release|Any CPU.Build.0 = Release|Any CPU
		{5B77D630-6416-4B82-BD06-6C25AFC9260B}.Debug|Any CPU.ActiveCfg = Debug|Any CPU
		{5B77D630-6416-4B82-BD06-6C25AFC9260B}.Debug|Any CPU.Build.0 = Debug|Any CPU
		{5B77D630-6416-4B82-BD06-6C25AFC9260B}.Release|Any CPU.ActiveCfg = Release|Any CPU
		{5B77D630-6416-4B82-BD06-6C25AFC9260B}.Release|Any CPU.Build.0 = Release|Any CPU
	EndGlobalSection
	GlobalSection(SolutionProperties) = preSolution
		HideSolutionNode = FALSE
	EndGlobalSection
	GlobalSection(ExtensibilityGlobals) = postSolution
		SolutionGuid = {2E37C0C0-8540-4C7C-82EA-B580550B9856}
	EndGlobalSection
EndGlobal
